
Microsoft Visual Studio Solution File, Format Version 12.00
# Visual Studio Version 17
VisualStudioVersion = 17.8.34330.188
MinimumVisualStudioVersion = 10.0.40219.1
Project("{FAE04EC0-301F-11D3-BF4B-00C04F79EFBC}") = "LibraryForSomeDich", "LibraryForSomeDich.csproj", "{C1BB2365-CA41-4102-8E6C-5DA267A7BBF1}"
EndProject
Project("{FAE04EC0-301F-11D3-BF4B-00C04F79EFBC}") = "testingLibrary2", "..\testingLibrary2\testingLibrary2.csproj", "{5ED11DB8-F100-4650-B0DE-1AD39D3D4E0D}"
EndProject
Global
	GlobalSection(SolutionConfigurationPlatforms) = preSolution
		Debug|Any CPU = Debug|Any CPU
		Release|Any CPU = Release|Any CPU
	EndGlobalSection
	GlobalSection(ProjectConfigurationPlatforms) = postSolution
		{C1BB2365-CA41-4102-8E6C-5DA267A7BBF1}.Debug|Any CPU.ActiveCfg = Debug|Any CPU
		{C1BB2365-CA41-4102-8E6C-5DA267A7BBF1}.Debug|Any CPU.Build.0 = Debug|Any CPU
		{C1BB2365-CA41-4102-8E6C-5DA267A7BBF1}.Release|Any CPU.ActiveCfg = Release|Any CPU
		{C1BB2365-CA41-4102-8E6C-5DA267A7BBF1}.Release|Any CPU.Build.0 = Release|Any CPU
		{5ED11DB8-F100-4650-B0DE-1AD39D3D4E0D}.Debug|Any CPU.ActiveCfg = Debug|Any CPU
		{5ED11DB8-F100-4650-B0DE-1AD39D3D4E0D}.Debug|Any CPU.Build.0 = Debug|Any CPU
		{5ED11DB8-F100-4650-B0DE-1AD39D3D4E0D}.Release|Any CPU.ActiveCfg = Release|Any CPU
		{5ED11DB8-F100-4650-B0DE-1AD39D3D4E0D}.Release|Any CPU.Build.0 = Release|Any CPU
	EndGlobalSection
	GlobalSection(SolutionProperties) = preSolution
		HideSolutionNode = FALSE
	EndGlobalSection
	GlobalSection(ExtensibilityGlobals) = postSolution
		SolutionGuid = {FD96C26F-F64B-490A-9BF4-8085E79406CE}
	EndGlobalSection
EndGlobal
